{
  "version": "4",
  "specifiers": {
    "jsr:@std/assert@0.223": "0.223.0",
    "jsr:@std/fmt@0.223": "0.223.0",
    "jsr:@std/testing@0.223.0": "0.223.0",
    "npm:awesome-phonenumber@*": "7.1.0"
  },
  "jsr": {
    "@std/assert@0.223.0": {
      "integrity": "eb8d6d879d76e1cc431205bd346ed4d88dc051c6366365b1af47034b0670be24",
      "dependencies": [
        "jsr:@std/fmt"
      ]
    },
    "@std/fmt@0.223.0": {
      "integrity": "6deb37794127dfc7d7bded2586b9fc6f5d50e62a8134846608baf71ffc1a5208"
    },
    "@std/testing@0.223.0": {
      "integrity": "7a48b9a14589ed16beb2a31ec7150e9fff3acda58f3077af6a1fcdb92375143b",
      "dependencies": [
        "jsr:@std/assert"
      ]
    }
  },
  "npm": {
    "awesome-phonenumber@7.1.0": {
      "integrity": "sha512-i/pC5xvaNVrduufGtnw8O+abLWq70wd6YutiPYR2NqrnwtjBMk7rG/vJTktnAivSok+ZqlkFZzuVICgObpQi4w=="
    }
  },
  "workspace": {
    "dependencies": [
      "jsr:@std/testing@0.223.0",
      "npm:awesome-phonenumber@*"
    ]
  }
}
